
Microsoft Visual Studio Solution File, Format Version 12.00
Project("{2150E333-8FDC-42A3-9474-1A3956D46DE8}") = "src", "src", "{827E0CD3-B72D-47B6-A68D-7590B98EB39B}"
EndProject
Project("{FAE04EC0-301F-11D3-BF4B-00C04F79EFBC}") = "UserManagement.Api", "src\UserManagement.Api\UserManagement.Api.csproj", "{0CBE18B3-FB86-4998-B2F8-6AFD11971187}"
EndProject
Project("{FAE04EC0-301F-11D3-BF4B-00C04F79EFBC}") = "UserManagement.Domain", "src\UserManagement.Domain\UserManagement.Domain.csproj", "{4D96598D-6ED4-4555-9D2B-0C73DFAD9C8E}"
EndProject
Project("{FAE04EC0-301F-11D3-BF4B-00C04F79EFBC}") = "UserManagement.Infrastructure", "src\UserManagement.Infrastructure\UserManagement.Infrastructure.csproj", "{E48F0C12-BCCB-4E99-9893-C21BFB8BE0FF}"
EndProject
Project("{2150E333-8FDC-42A3-9474-1A3956D46DE8}") = "tests", "tests", "{0AB3BF05-4346-4AA6-1389-037BE0695223}"
EndProject
Project("{FAE04EC0-301F-11D3-BF4B-00C04F79EFBC}") = "UserManagement.UnitTests", "tests\UserManagement.UnitTests\UserManagement.UnitTests.csproj", "{ED4EAF64-5254-4AC5-B74E-BC743CBE1474}"
EndProject
Project("{FAE04EC0-301F-11D3-BF4B-00C04F79EFBC}") = "UserManagement.IntegrationTests", "tests\UserManagement.IntegrationTests\UserManagement.IntegrationTests.csproj", "{3F9367B8-72E5-4DCC-8DED-6B076A4799C0}"
EndProject
Global
	GlobalSection(SolutionConfigurationPlatforms) = preSolution
		Debug|Any CPU = Debug|Any CPU
		Debug|x64 = Debug|x64
		Debug|x86 = Debug|x86
		Release|Any CPU = Release|Any CPU
		Release|x64 = Release|x64
		Release|x86 = Release|x86
	EndGlobalSection
	GlobalSection(ProjectConfigurationPlatforms) = postSolution
		{0CBE18B3-FB86-4998-B2F8-6AFD11971187}.Debug|Any CPU.ActiveCfg = Debug|Any CPU
		{0CBE18B3-FB86-4998-B2F8-6AFD11971187}.Debug|Any CPU.Build.0 = Debug|Any CPU
		{0CBE18B3-FB86-4998-B2F8-6AFD11971187}.Debug|x64.ActiveCfg = Debug|Any CPU
		{0CBE18B3-FB86-4998-B2F8-6AFD11971187}.Debug|x64.Build.0 = Debug|Any CPU
		{0CBE18B3-FB86-4998-B2F8-6AFD11971187}.Debug|x86.ActiveCfg = Debug|Any CPU
		{0CBE18B3-FB86-4998-B2F8-6AFD11971187}.Debug|x86.Build.0 = Debug|Any CPU
		{0CBE18B3-FB86-4998-B2F8-6AFD11971187}.Release|Any CPU.ActiveCfg = Release|Any CPU
		{0CBE18B3-FB86-4998-B2F8-6AFD11971187}.Release|Any CPU.Build.0 = Release|Any CPU
		{0CBE18B3-FB86-4998-B2F8-6AFD11971187}.Release|x64.ActiveCfg = Release|Any CPU
		{0CBE18B3-FB86-4998-B2F8-6AFD11971187}.Release|x64.Build.0 = Release|Any CPU
		{0CBE18B3-FB86-4998-B2F8-6AFD11971187}.Release|x86.ActiveCfg = Release|Any CPU
		{0CBE18B3-FB86-4998-B2F8-6AFD11971187}.Release|x86.Build.0 = Release|Any CPU
		{4D96598D-6ED4-4555-9D2B-0C73DFAD9C8E}.Debug|Any CPU.ActiveCfg = Debug|Any CPU
		{4D96598D-6ED4-4555-9D2B-0C73DFAD9C8E}.Debug|Any CPU.Build.0 = Debug|Any CPU
		{4D96598D-6ED4-4555-9D2B-0C73DFAD9C8E}.Debug|x64.ActiveCfg = Debug|Any CPU
		{4D96598D-6ED4-4555-9D2B-0C73DFAD9C8E}.Debug|x64.Build.0 = Debug|Any CPU
		{4D96598D-6ED4-4555-9D2B-0C73DFAD9C8E}.Debug|x86.ActiveCfg = Debug|Any CPU
		{4D96598D-6ED4-4555-9D2B-0C73DFAD9C8E}.Debug|x86.Build.0 = Debug|Any CPU
		{4D96598D-6ED4-4555-9D2B-0C73DFAD9C8E}.Release|Any CPU.ActiveCfg = Release|Any CPU
		{4D96598D-6ED4-4555-9D2B-0C73DFAD9C8E}.Release|Any CPU.Build.0 = Release|Any CPU
		{4D96598D-6ED4-4555-9D2B-0C73DFAD9C8E}.Release|x64.ActiveCfg = Release|Any CPU
		{4D96598D-6ED4-4555-9D2B-0C73DFAD9C8E}.Release|x64.Build.0 = Release|Any CPU
		{4D96598D-6ED4-4555-9D2B-0C73DFAD9C8E}.Release|x86.ActiveCfg = Release|Any CPU
		{4D96598D-6ED4-4555-9D2B-0C73DFAD9C8E}.Release|x86.Build.0 = Release|Any CPU
		{E48F0C12-BCCB-4E99-9893-C21BFB8BE0FF}.Debug|Any CPU.ActiveCfg = Debug|Any CPU
		{E48F0C12-BCCB-4E99-9893-C21BFB8BE0FF}.Debug|Any CPU.Build.0 = Debug|Any CPU
		{E48F0C12-BCCB-4E99-9893-C21BFB8BE0FF}.Debug|x64.ActiveCfg = Debug|Any CPU
		{E48F0C12-BCCB-4E99-9893-C21BFB8BE0FF}.Debug|x64.Build.0 = Debug|Any CPU
		{E48F0C12-BCCB-4E99-9893-C21BFB8BE0FF}.Debug|x86.ActiveCfg = Debug|Any CPU
		{E48F0C12-BCCB-4E99-9893-C21BFB8BE0FF}.Debug|x86.Build.0 = Debug|Any CPU
		{E48F0C12-BCCB-4E99-9893-C21BFB8BE0FF}.Release|Any CPU.ActiveCfg = Release|Any CPU
		{E48F0C12-BCCB-4E99-9893-C21BFB8BE0FF}.Release|Any CPU.Build.0 = Release|Any CPU
		{E48F0C12-BCCB-4E99-9893-C21BFB8BE0FF}.Release|x64.ActiveCfg = Release|Any CPU
		{E48F0C12-BCCB-4E99-9893-C21BFB8BE0FF}.Release|x64.Build.0 = Release|Any CPU
		{E48F0C12-BCCB-4E99-9893-C21BFB8BE0FF}.Release|x86.ActiveCfg = Release|Any CPU
		{E48F0C12-BCCB-4E99-9893-C21BFB8BE0FF}.Release|x86.Build.0 = Release|Any CPU
		{ED4EAF64-5254-4AC5-B74E-BC743CBE1474}.Debug|Any CPU.ActiveCfg = Debug|Any CPU
		{ED4EAF64-5254-4AC5-B74E-BC743CBE1474}.Debug|Any CPU.Build.0 = Debug|Any CPU
		{ED4EAF64-5254-4AC5-B74E-BC743CBE1474}.Debug|x64.ActiveCfg = Debug|Any CPU
		{ED4EAF64-5254-4AC5-B74E-BC743CBE1474}.Debug|x64.Build.0 = Debug|Any CPU
		{ED4EAF64-5254-4AC5-B74E-BC743CBE1474}.Debug|x86.ActiveCfg = Debug|Any CPU
		{ED4EAF64-5254-4AC5-B74E-BC743CBE1474}.Debug|x86.Build.0 = Debug|Any CPU
		{ED4EAF64-5254-4AC5-B74E-BC743CBE1474}.Release|Any CPU.ActiveCfg = Release|Any CPU
		{ED4EAF64-5254-4AC5-B74E-BC743CBE1474}.Release|Any CPU.Build.0 = Release|Any CPU
		{ED4EAF64-5254-4AC5-B74E-BC743CBE1474}.Release|x64.ActiveCfg = Release|Any CPU
		{ED4EAF64-5254-4AC5-B74E-BC743CBE1474}.Release|x64.Build.0 = Release|Any CPU
		{ED4EAF64-5254-4AC5-B74E-BC743CBE1474}.Release|x86.ActiveCfg = Release|Any CPU
		{ED4EAF64-5254-4AC5-B74E-BC743CBE1474}.Release|x86.Build.0 = Release|Any CPU
		{3F9367B8-72E5-4DCC-8DED-6B076A4799C0}.Debug|Any CPU.ActiveCfg = Debug|Any CPU
		{3F9367B8-72E5-4DCC-8DED-6B076A4799C0}.Debug|Any CPU.Build.0 = Debug|Any CPU
		{3F9367B8-72E5-4DCC-8DED-6B076A4799C0}.Debug|x64.ActiveCfg = Debug|Any CPU
		{3F9367B8-72E5-4DCC-8DED-6B076A4799C0}.Debug|x64.Build.0 = Debug|Any CPU
		{3F9367B8-72E5-4DCC-8DED-6B076A4799C0}.Debug|x86.ActiveCfg = Debug|Any CPU
		{3F9367B8-72E5-4DCC-8DED-6B076A4799C0}.Debug|x86.Build.0 = Debug|Any CPU
		{3F9367B8-72E5-4DCC-8DED-6B076A4799C0}.Release|Any CPU.ActiveCfg = Release|Any CPU
		{3F9367B8-72E5-4DCC-8DED-6B076A4799C0}.Release|Any CPU.Build.0 = Release|Any CPU
		{3F9367B8-72E5-4DCC-8DED-6B076A4799C0}.Release|x64.ActiveCfg = Release|Any CPU
		{3F9367B8-72E5-4DCC-8DED-6B076A4799C0}.Release|x64.Build.0 = Release|Any CPU
		{3F9367B8-72E5-4DCC-8DED-6B076A4799C0}.Release|x86.ActiveCfg = Release|Any CPU
		{3F9367B8-72E5-4DCC-8DED-6B076A4799C0}.Release|x86.Build.0 = Release|Any CPU
	EndGlobalSection
	GlobalSection(SolutionProperties) = preSolution
		HideSolutionNode = FALSE
	EndGlobalSection
	GlobalSection(NestedProjects) = preSolution
		{0CBE18B3-FB86-4998-B2F8-6AFD11971187} = {827E0CD3-B72D-47B6-A68D-7590B98EB39B}
		{4D96598D-6ED4-4555-9D2B-0C73DFAD9C8E} = {827E0CD3-B72D-47B6-A68D-7590B98EB39B}
		{E48F0C12-BCCB-4E99-9893-C21BFB8BE0FF} = {827E0CD3-B72D-47B6-A68D-7590B98EB39B}
		{ED4EAF64-5254-4AC5-B74E-BC743CBE1474} = {0AB3BF05-4346-4AA6-1389-037BE0695223}
		{3F9367B8-72E5-4DCC-8DED-6B076A4799C0} = {0AB3BF05-4346-4AA6-1389-037BE0695223}
	EndGlobalSection
EndGlobal
